
Microsoft Visual Studio Solution File, Format Version 11.00
# Visual C++ Express 2010
Project("{8BC9CEB8-8B4A-11D0-8D11-00A0C91BC942}") = "Sample02_ImageViewer", "Sample02_ImageViewer.vcxproj", "{C9904D85-93FC-4543-A126-4C85304D4DFB}"
EndProject
Global
	GlobalSection(SolutionConfigurationPlatforms) = preSolution
		Debug|Win32 = Debug|Win32
		Release|Win32 = Release|Win32
	EndGlobalSection
	GlobalSection(ProjectConfigurationPlatforms) = postSolution
		{C9904D85-93FC-4543-A126-4C85304D4DFB}.Debug|Win32.ActiveCfg = Debug|Win32
		{C9904D85-93FC-4543-A126-4C85304D4DFB}.Debug|Win32.Build.0 = Debug|Win32
		{C9904D85-93FC-4543-A126-4C85304D4DFB}.Release|Win32.ActiveCfg = Release|Win32
		{C9904D85-93FC-4543-A126-4C85304D4DFB}.Release|Win32.Build.0 = Release|Win32
	EndGlobalSection
	GlobalSection(SolutionProperties) = preSolution
		HideSolutionNode = FALSE
	EndGlobalSection
EndGlobal
